# THIS IS AN AUTOGENERATED FILE. DO NOT EDIT THIS FILE DIRECTLY.
# yarn lockfile v1


"@types/component-emitter@^1.2.10":
  version "1.2.10"
  resolved "https://registry.yarnpkg.com/@types/component-emitter/-/component-emitter-1.2.10.tgz#ef5b1589b9f16544642e473db5ea5639107ef3ea"
  integrity sha512-bsjleuRKWmGqajMerkzox19aGbscQX5rmmvvXl3wlIp5gMG1HgkiwPxsN5p070fBDKTNSPgojVbuY1+HWMbFhg==

"@types/node@>=14":
  version "16.3.3"
  resolved "https://registry.yarnpkg.com/@types/node/-/node-16.3.3.tgz#0c30adff37bbbc7a50eb9b58fae2a504d0d88038"
  integrity sha512-8h7k1YgQKxKXWckzFCMfsIwn0Y61UK6tlD6y2lOb3hTOIMlK3t9/QwHOhc81TwU+RMf0As5fj7NPjroERCnejQ==

"@types/prettier@^2.3.2":
  version "2.3.2"
  resolved "https://registry.yarnpkg.com/@types/prettier/-/prettier-2.3.2.tgz#fc8c2825e4ed2142473b4a81064e6e081463d1b3"
  integrity sha512-eI5Yrz3Qv4KPUa/nSIAi0h+qX0XyewOliug5F2QAtuRg6Kjg6jfmxe1GIwoIRhZspD1A0RP8ANrPwvEXXtRFog==

backo2@~1.0.2:
  version "1.0.2"
  resolved "https://registry.yarnpkg.com/backo2/-/backo2-1.0.2.tgz#31ab1ac8b129363463e35b3ebb69f4dfcfba7947"
  integrity sha1-MasayLEpNjRj41s+u2n038+6eUc=

base64-arraybuffer@0.1.4:
  version "0.1.4"
  resolved "https://registry.yarnpkg.com/base64-arraybuffer/-/base64-arraybuffer-0.1.4.tgz#9818c79e059b1355f97e0428a017c838e90ba812"
  integrity sha1-mBjHngWbE1X5fgQooBfIOOkLqBI=

blakets@^0.0.0-3, blakets@^0.0.0-4:
  version "0.0.0-4"
  resolved "https://registry.yarnpkg.com/blakets/-/blakets-0.0.0-4.tgz#3f574a8bd431a8ac75ac8c913a4143e7f80ff3d3"
  integrity sha512-3PFE71fmj0uxwqgMsq7+T5/hDINCddx3+x6qTrbb6FQUPwjB3+2yup1dKUJQYjC7Y4R3JDiy03TatMIOXiknRw==
  dependencies:
    doge-json ">=1.1.0-3"

component-emitter@~1.3.0:
  version "1.3.0"
  resolved "https://registry.yarnpkg.com/component-emitter/-/component-emitter-1.3.0.tgz#16e4070fba8ae29b679f2215853ee181ab2eabc0"
  integrity sha512-Rd3se6QB+sO1TwqZjscQrurpEPIfO0/yYnSin6Q/rD3mOutHvUrCAhJub3r90uNb+SESBuE0QYoB90YdfatsRg==

debug@~4.3.1:
  version "4.3.2"
  resolved "https://registry.yarnpkg.com/debug/-/debug-4.3.2.tgz#f0a49c18ac8779e31d4a0c6029dfb76873c7428b"
  integrity sha512-mOp8wKcvj7XxC78zLgw/ZA+6TSgkoE2C/ienthhRD298T7UNwAg9diBpLRxC0mOezLl4B0xV7M0cCO6P/O0Xhw==
  dependencies:
    ms "2.1.2"

doge-config@^0.3.0-3:
  version "0.3.5"
  resolved "https://registry.yarnpkg.com/doge-config/-/doge-config-0.3.5.tgz#9a0c07d17ae41c6e27d2c00d6d57e8767f7678da"
  integrity sha512-V1wVOVhN0WSEkREMR6ZqcKHcPK71D/Z6BeTxOijUWaLd2PX9o/vu0Vxo8Enl9eIjemetf/ppuG8U87iRGrFdkg==
  dependencies:
    doge-json "^1.1.0-3"

doge-json@>=1.1.0-3, doge-json@^1.1.0-3:
  version "1.1.0-3"
  resolved "https://registry.yarnpkg.com/doge-json/-/doge-json-1.1.0-3.tgz#4cdedf2daf6116bce73c26aed7e52c6041804c4f"
  integrity sha512-TO+n1rJOto2ildgC8KpaZ1OwrGTi+EL/F9dwnn7o4MMMuoGP20aP4p5jkO69C0SGGVVPgsk8+NxaClA5boGDYQ==

engine.io-client@~4.1.0:
  version "4.1.4"
  resolved "https://registry.yarnpkg.com/engine.io-client/-/engine.io-client-4.1.4.tgz#0bda5ba4bd87bced2ad00b93c67e133d0fb981ba"
  integrity sha512-843fqAdKeUMFqKi1sSjnR11tJ4wi8sIefu6+JC1OzkkJBmjtc/gM/rZ53tJfu5Iae/3gApm5veoS+v+gtT0+Fg==
  dependencies:
    base64-arraybuffer "0.1.4"
    component-emitter "~1.3.0"
    debug "~4.3.1"
    engine.io-parser "~4.0.1"
    has-cors "1.1.0"
    parseqs "0.0.6"
    parseuri "0.0.6"
    ws "~7.4.2"
    xmlhttprequest-ssl "~1.6.2"
    yeast "0.1.2"

engine.io-parser@~4.0.1:
  version "4.0.2"
  resolved "https://registry.yarnpkg.com/engine.io-parser/-/engine.io-parser-4.0.2.tgz#e41d0b3fb66f7bf4a3671d2038a154024edb501e"
  integrity sha512-sHfEQv6nmtJrq6TKuIz5kyEKH/qSdK56H/A+7DnAuUPWosnIZAS2NHNcPLmyjtY3cGS/MqJdZbUjW97JU72iYg==
  dependencies:
    base64-arraybuffer "0.1.4"

has-cors@1.1.0:
  version "1.1.0"
  resolved "https://registry.yarnpkg.com/has-cors/-/has-cors-1.1.0.tgz#5e474793f7ea9843d1bb99c23eef49ff126fff39"
  integrity sha1-XkdHk/fqmEPRu5nCPu9J/xJv/zk=

mime-db@1.48.0:
  version "1.48.0"
  resolved "https://registry.yarnpkg.com/mime-db/-/mime-db-1.48.0.tgz#e35b31045dd7eada3aaad537ed88a33afbef2d1d"
  integrity sha512-FM3QwxV+TnZYQ2aRqhlKBMHxk10lTbMt3bBkMAp54ddrNeVSfcQYOOKuGuy3Ddrm38I04If834fOUSq1yzslJQ==

mime-types@^2.1.28:
  version "2.1.31"
  resolved "https://registry.yarnpkg.com/mime-types/-/mime-types-2.1.31.tgz#a00d76b74317c61f9c2db2218b8e9f8e9c5c9e6b"
  integrity sha512-XGZnNzm3QvgKxa8dpzyhFTHmpP3l5YNusmne07VUOXxou9CqUqYa/HBy124RqtVh/O2pECas/MOcsDgpilPOPg==
  dependencies:
    mime-db "1.48.0"

ms@2.1.2:
  version "2.1.2"
  resolved "https://registry.yarnpkg.com/ms/-/ms-2.1.2.tgz#d09d1f357b443f493382a8eb3ccd183872ae6009"
  integrity sha512-sGkPx+VjMtmA6MX27oA4FBFELFCZZ4S4XqeGOXCv68tT+jb3vk/RyaKWP0PTKyWtmLSM0b+adUTEvbs1PEaH2w==

node-fetch@^2.6.1:
  version "2.6.1"
  resolved "https://registry.yarnpkg.com/node-fetch/-/node-fetch-2.6.1.tgz#045bd323631f76ed2e2b55573394416b639a0052"
  integrity sha512-V4aYg89jEoVRxRb2fJdAg8FHvI7cEyYdVAh94HH0UIK8oJxUfkjlDQN9RbMx+bEjP7+ggMiFRprSti032Oipxw==

nodesite.eu@^1.2.0-10:
  version "1.2.0-10"
  resolved "https://registry.yarnpkg.com/nodesite.eu/-/nodesite.eu-1.2.0-10.tgz#88369584b88bb95e09728b1187e70fcbfaba475d"
  integrity sha512-xGtM/r/1N6wRqdXZpTKzY8jIqv5RCc2FchTXg/LY6U4XONqtl+dUS51qmdxRh2n2e+SqpxiRn3hT2LQvrHeqnw==
  dependencies:
    blakets "^0.0.0-3"
    doge-config "^0.3.0-3"
    mime-types "^2.1.28"
    node-fetch "^2.6.1"
    socket.io-client "^3.1.0"
    ts-hound "^1.0.7"

nsblob@^0.2.7:
  version "0.2.7"
  resolved "https://registry.yarnpkg.com/nsblob/-/nsblob-0.2.7.tgz#d9444c7ea6a90f725dbdf8cf0b1e07b459ad25e5"
  integrity sha512-euQwji3EYsZkz+Rryk59JHEAHPoTcFvMs5jHEq8rvvft/WfDPBNSRYksCuVRGZcYy41nwnwm2Bfpzz6npD8C8g==
  dependencies:
    blakets "^0.0.0-4"
    nodesite.eu "^1.2.0-10"
    serial-async-io "^0.1.0-3"

parseqs@0.0.6:
  version "0.0.6"
  resolved "https://registry.yarnpkg.com/parseqs/-/parseqs-0.0.6.tgz#8e4bb5a19d1cdc844a08ac974d34e273afa670d5"
  integrity sha512-jeAGzMDbfSHHA091hr0r31eYfTig+29g3GKKE/PPbEQ65X0lmMwlEoqmhzu0iztID5uJpZsFlUPDP8ThPL7M8w==

parseuri@0.0.6:
  version "0.0.6"
  resolved "https://registry.yarnpkg.com/parseuri/-/parseuri-0.0.6.tgz#e1496e829e3ac2ff47f39a4dd044b32823c4a25a"
  integrity sha512-AUjen8sAkGgao7UyCX6Ahv0gIK2fABKmYjvP4xmy5JaKvcbTRueIqIPHLAfq30xJddqSE033IOMUSOMCcK3Sow==

prettier@^2.3.2:
  version "2.3.2"
  resolved "https://registry.yarnpkg.com/prettier/-/prettier-2.3.2.tgz#ef280a05ec253712e486233db5c6f23441e7342d"
  integrity sha512-lnJzDfJ66zkMy58OL5/NY5zp70S7Nz6KqcKkXYzn2tMVrNxvbqaBpg7H3qHaLxCJ5lNMsGuM8+ohS7cZrthdLQ==

serial-async-io@^0.1.0, serial-async-io@^0.1.0-3:
  version "0.1.0"
  resolved "https://registry.yarnpkg.com/serial-async-io/-/serial-async-io-0.1.0.tgz#3a44a459c6e7e9308463a2dac8a6e1e6582762bf"
  integrity sha512-nbl2p7HbYHHIMUgf9fuDydG030wjk4/wwAm8537ZzL8kSyTe2U2z/Ekbeh7zi83YnY6Pu2GqDY5RJEC251ScLQ==

socket.io-client@^3.1.0:
  version "3.1.3"
  resolved "https://registry.yarnpkg.com/socket.io-client/-/socket.io-client-3.1.3.tgz#57ddcefea58cfab71f0e94c21124de8e3c5aa3e2"
  integrity sha512-4sIGOGOmCg3AOgGi7EEr6ZkTZRkrXwub70bBB/F0JSkMOUFpA77WsL87o34DffQQ31PkbMUIadGOk+3tx1KGbw==
  dependencies:
    "@types/component-emitter" "^1.2.10"
    backo2 "~1.0.2"
    component-emitter "~1.3.0"
    debug "~4.3.1"
    engine.io-client "~4.1.0"
    parseuri "0.0.6"
    socket.io-parser "~4.0.4"

socket.io-parser@~4.0.4:
  version "4.0.4"
  resolved "https://registry.yarnpkg.com/socket.io-parser/-/socket.io-parser-4.0.4.tgz#9ea21b0d61508d18196ef04a2c6b9ab630f4c2b0"
  integrity sha512-t+b0SS+IxG7Rxzda2EVvyBZbvFPBCjJoyHuE0P//7OAsN23GItzDRdWa6ALxZI/8R5ygK7jAR6t028/z+7295g==
  dependencies:
    "@types/component-emitter" "^1.2.10"
    component-emitter "~1.3.0"
    debug "~4.3.1"

ts-hound@^1.0.7, ts-hound@^1.0.8:
  version "1.0.8"
  resolved "https://registry.yarnpkg.com/ts-hound/-/ts-hound-1.0.8.tgz#2f049771f9d0532788e093d2798070ea7b807d58"
  integrity sha512-OiM+kPGlAaBGhKDTRR0NFe4wR0n9kQVoJ9cj/KJ0yvmSFc73b/lcHsYXGJJwlNKtKrCeHZq5/cvWaqHbgPpkyQ==

ws@~7.4.2:
  version "7.4.6"
  resolved "https://registry.yarnpkg.com/ws/-/ws-7.4.6.tgz#5654ca8ecdeee47c33a9a4bf6d28e2be2980377c"
  integrity sha512-YmhHDO4MzaDLB+M9ym/mDA5z0naX8j7SIlT8f8z+I0VtzsRbekxEutHSme7NPS2qE8StCYQNUnfWdXta/Yu85A==

xmlhttprequest-ssl@~1.6.2:
  version "1.6.3"
  resolved "https://registry.yarnpkg.com/xmlhttprequest-ssl/-/xmlhttprequest-ssl-1.6.3.tgz#03b713873b01659dfa2c1c5d056065b27ddc2de6"
  integrity sha512-3XfeQE/wNkvrIktn2Kf0869fC0BN6UpydVasGIeSm2B1Llihf7/0UfZM+eCkOw3P7bP4+qPgqhm7ZoxuJtFU0Q==

yeast@0.1.2:
  version "0.1.2"
  resolved "https://registry.yarnpkg.com/yeast/-/yeast-0.1.2.tgz#008e06d8094320c372dbc2f8ed76a0ca6c8ac419"
  integrity sha1-AI4G2AlDIMNy28L47XagymyKxBk=
